Microsoft Visual Studio Solution File, Format Version 12.00
# Visual Studio Version 17
VisualStudioVersion = 17.0.31717.71
MinimumVisualStudioVersion = 10.0.40219.1
Project("{9A19103F-16F7-4668-BE54-9A1E7A4F7556}") = "SynthSearcherUI.Server", "Server\SynthSearcherUI.Server.csproj", "{D23FBC23-0697-4315-A0FD-D32123D3C858}"
EndProject
Project("{9A19103F-16F7-4668-BE54-9A1E7A4F7556}") = "SynthSearcherUI.Client", "Client\SynthSearcherUI.Client.csproj", "{07A54007-FD95-4946-A037-84E7621FAD04}"
EndProject
Project("{9A19103F-16F7-4668-BE54-9A1E7A4F7556}") = "SynthSearcherUI.Shared", "Shared\SynthSearcherUI.Shared.csproj", "{CF510265-7214-4A58-B290-7AA25B68E3E0}"
EndProject
Global
	GlobalSection(SolutionConfigurationPlatforms) = preSolution
		Debug|Any CPU = Debug|Any CPU
		Release|Any CPU = Release|Any CPU
	EndGlobalSection
	GlobalSection(ProjectConfigurationPlatforms) = postSolution
		{D23FBC23-0697-4315-A0FD-D32123D3C858}.Debug|Any CPU.ActiveCfg = Debug|Any CPU
		{D23FBC23-0697-4315-A0FD-D32123D3C858}.Debug|Any CPU.Build.0 = Debug|Any CPU
		{D23FBC23-0697-4315-A0FD-D32123D3C858}.Release|Any CPU.ActiveCfg = Release|Any CPU
		{D23FBC23-0697-4315-A0FD-D32123D3C858}.Release|Any CPU.Build.0 = Release|Any CPU
		{07A54007-FD95-4946-A037-84E7621FAD04}.Debug|Any CPU.ActiveCfg = Debug|Any CPU
		{07A54007-FD95-4946-A037-84E7621FAD04}.Debug|Any CPU.Build.0 = Debug|Any CPU
		{07A54007-FD95-4946-A037-84E7621FAD04}.Release|Any CPU.ActiveCfg = Release|Any CPU
		{07A54007-FD95-4946-A037-84E7621FAD04}.Release|Any CPU.Build.0 = Release|Any CPU
		{CF510265-7214-4A58-B290-7AA25B68E3E0}.Debug|Any CPU.ActiveCfg = Debug|Any CPU
		{CF510265-7214-4A58-B290-7AA25B68E3E0}.Debug|Any CPU.Build.0 = Debug|Any CPU
		{CF510265-7214-4A58-B290-7AA25B68E3E0}.Release|Any CPU.ActiveCfg = Release|Any CPU
		{CF510265-7214-4A58-B290-7AA25B68E3E0}.Release|Any CPU.Build.0 = Release|Any CPU
	EndGlobalSection
	GlobalSection(SolutionProperties) = preSolution
		HideSolutionNode = FALSE
	EndGlobalSection
	GlobalSection(ExtensibilityGlobals) = postSolution
		SolutionGuid = {E3D18A56-C87F-45BB-8F76-B3D0895F5425}
	EndGlobalSection
EndGlobal
